
Microsoft Visual Studio Solution File, Format Version 12.00
# Visual Studio Version 16
VisualStudioVersion = 16.0.29306.81
MinimumVisualStudioVersion = 10.0.40219.1
Project("{FAE04EC0-301F-11D3-BF4B-00C04F79EFBC}") = "mebel", "mebel\mebel.csproj", "{BB1E22FE-90B4-4B6E-9466-397F63CEB50C}"
EndProject
Global
	GlobalSection(SolutionConfigurationPlatforms) = preSolution
		Debug|Any CPU = Debug|Any CPU
		Release|Any CPU = Release|Any CPU
	EndGlobalSection
	GlobalSection(ProjectConfigurationPlatforms) = postSolution
		{BB1E22FE-90B4-4B6E-9466-397F63CEB50C}.Debug|Any CPU.ActiveCfg = Debug|Any CPU
		{BB1E22FE-90B4-4B6E-9466-397F63CEB50C}.Debug|Any CPU.Build.0 = Debug|Any CPU
		{BB1E22FE-90B4-4B6E-9466-397F63CEB50C}.Release|Any CPU.ActiveCfg = Release|Any CPU
		{BB1E22FE-90B4-4B6E-9466-397F63CEB50C}.Release|Any CPU.Build.0 = Release|Any CPU
	EndGlobalSection
	GlobalSection(SolutionProperties) = preSolution
		HideSolutionNode = FALSE
	EndGlobalSection
	GlobalSection(ExtensibilityGlobals) = postSolution
		SolutionGuid = {243A9FEE-0367-4297-A108-A996E81E6222}
	EndGlobalSection
EndGlobal
